
Microsoft Visual Studio Solution File, Format Version 12.00
# Visual Studio 15
VisualStudioVersion = 15.0.26730.16
MinimumVisualStudioVersion = 10.0.40219.1
Project("{FAE04EC0-301F-11D3-BF4B-00C04F79EFBC}") = "right-triangle", "right-triangle\right-triangle.csproj", "{02F47D54-23FA-474B-8FDB-C107ADD92381}"
EndProject
Global
	GlobalSection(SolutionConfigurationPlatforms) = preSolution
		Debug|Any CPU = Debug|Any CPU
		Release|Any CPU = Release|Any CPU
	EndGlobalSection
	GlobalSection(ProjectConfigurationPlatforms) = postSolution
		{02F47D54-23FA-474B-8FDB-C107ADD92381}.Debug|Any CPU.ActiveCfg = Debug|Any CPU
		{02F47D54-23FA-474B-8FDB-C107ADD92381}.Debug|Any CPU.Build.0 = Debug|Any CPU
		{02F47D54-23FA-474B-8FDB-C107ADD92381}.Release|Any CPU.ActiveCfg = Release|Any CPU
		{02F47D54-23FA-474B-8FDB-C107ADD92381}.Release|Any CPU.Build.0 = Release|Any CPU
	EndGlobalSection
	GlobalSection(SolutionProperties) = preSolution
		HideSolutionNode = FALSE
	EndGlobalSection
	GlobalSection(ExtensibilityGlobals) = postSolution
		SolutionGuid = {238E5E15-D68E-4192-A9BF-6DF4DC7EE52D}
	EndGlobalSection
EndGlobal
